# @generated - this file is auto-generated by `mise lock` https://mise.jdx.dev/dev-tools/mise-lock.html

[[tools.1password]]
version = "2.34.0"
backend = "vfox:mise-plugins/vfox-1password"

[[tools.actionlint]]
version = "1.7.12"
backend = "aqua:rhysd/actionlint"

[[tools.age]]
version = "1.3.1"
backend = "aqua:FiloSottile/age"

[[tools.aube]]
version = "1.0.0-beta.7"
backend = "github:endevco/aube"

[[tools.bitwarden]]
version = "2026.3.0"
backend = "aqua:bitwarden/clients"

[[tools.bitwarden-secrets-manager]]
version = "2.0.0"
backend = "aqua:bitwarden/sdk-sm"

[[tools.cargo-binstall]]
version = "1.18.1"
backend = "aqua:cargo-bins/cargo-binstall"

[[tools."cargo:cargo-edit"]]
version = "0.13.10"
backend = "cargo:cargo-edit"

[[tools."cargo:cargo-msrv"]]
version = "0.19.3"
backend = "cargo:cargo-msrv"

[[tools.communique]]
version = "1.0.3"
backend = "github:jdx/communique"

[tools.communique."platforms.linux-arm64"]
checksum = "sha256:b8425a0193c0c14f45c7d2454bc3d7ce6203930765f912fe75fff83a8eb04c14"
url = "https://github.com/jdx/communique/releases/download/v1.0.3/communique-aarch64-unknown-linux-gnu.tar.gz"
url_api = "https://api.github.com/repos/jdx/communique/releases/assets/403764139"

[tools.communique."platforms.linux-arm64-musl"]
checksum = "sha256:b8425a0193c0c14f45c7d2454bc3d7ce6203930765f912fe75fff83a8eb04c14"
url = "https://github.com/jdx/communique/releases/download/v1.0.3/communique-aarch64-unknown-linux-gnu.tar.gz"
url_api = "https://api.github.com/repos/jdx/communique/releases/assets/403764139"

[tools.communique."platforms.linux-x64"]
checksum = "sha256:ec51b288886506409b6526044fe9bbcea7b07d2088729ae70f9ffcbeabf82871"
url = "https://github.com/jdx/communique/releases/download/v1.0.3/communique-x86_64-unknown-linux-gnu.tar.gz"
url_api = "https://api.github.com/repos/jdx/communique/releases/assets/403764051"

[tools.communique."platforms.linux-x64-musl"]
checksum = "sha256:ec51b288886506409b6526044fe9bbcea7b07d2088729ae70f9ffcbeabf82871"
url = "https://github.com/jdx/communique/releases/download/v1.0.3/communique-x86_64-unknown-linux-gnu.tar.gz"
url_api = "https://api.github.com/repos/jdx/communique/releases/assets/403764051"

[tools.communique."platforms.macos-arm64"]
checksum = "sha256:4efa78274b808b90b6bd2a40d3454c761f331211a891c3afce1815da19853d9f"
url = "https://github.com/jdx/communique/releases/download/v1.0.3/communique-aarch64-apple-darwin.tar.gz"
url_api = "https://api.github.com/repos/jdx/communique/releases/assets/403764017"

[tools.communique."platforms.windows-x64"]
checksum = "sha256:7747987ad9f5b212198699422dfb65da955ed21f125a4626c2f90d4d045abf67"
url = "https://github.com/jdx/communique/releases/download/v1.0.3/communique-x86_64-pc-windows-msvc.zip"
url_api = "https://api.github.com/repos/jdx/communique/releases/assets/403765157"

[[tools.git-cliff]]
version = "2.12.0"
backend = "aqua:orhun/git-cliff"

[[tools.hk]]
version = "1.43.0"
backend = "aqua:jdx/hk"

[[tools.infisical]]
version = "0.43.76"
backend = "github:Infisical/cli"

[[tools.node]]
version = "24.15.0"
backend = "core:node"

[[tools.pkl]]
version = "0.31.1"
backend = "aqua:apple/pkl"

[[tools.prettier]]
version = "3.8.3"
backend = "npm:prettier"

[[tools.shellcheck]]
version = "0.11.0"
backend = "aqua:koalaman/shellcheck"

[[tools.shfmt]]
version = "3.13.1"
backend = "aqua:mvdan/sh"

[[tools.usage]]
version = "3.2.0"
backend = "aqua:jdx/usage"

[[tools.vault]]
version = "2.0.0"
backend = "aqua:hashicorp/vault"
